
Microsoft Visual Studio Solution File, Format Version 12.00
# Visual Studio Version 17
VisualStudioVersion = 17.1.32319.34
MinimumVisualStudioVersion = 10.0.40219.1
Project("{8BC9CEB8-8B4A-11D0-8D11-00A0C91BC942}") = "C++EX4_09_KimuraHaduki", "C++EX4_09_KimuraHaduki\C++EX4_09_KimuraHaduki.vcxproj", "{B66F154F-D208-4260-85D0-996B6B14503F}"
EndProject
Global
	GlobalSection(SolutionConfigurationPlatforms) = preSolution
		Debug|x64 = Debug|x64
		Debug|x86 = Debug|x86
		Release|x64 = Release|x64
		Release|x86 = Release|x86
	EndGlobalSection
	GlobalSection(ProjectConfigurationPlatforms) = postSolution
		{B66F154F-D208-4260-85D0-996B6B14503F}.Debug|x64.ActiveCfg = Debug|x64
		{B66F154F-D208-4260-85D0-996B6B14503F}.Debug|x64.Build.0 = Debug|x64
		{B66F154F-D208-4260-85D0-996B6B14503F}.Debug|x86.ActiveCfg = Debug|Win32
		{B66F154F-D208-4260-85D0-996B6B14503F}.Debug|x86.Build.0 = Debug|Win32
		{B66F154F-D208-4260-85D0-996B6B14503F}.Release|x64.ActiveCfg = Release|x64
		{B66F154F-D208-4260-85D0-996B6B14503F}.Release|x64.Build.0 = Release|x64
		{B66F154F-D208-4260-85D0-996B6B14503F}.Release|x86.ActiveCfg = Release|Win32
		{B66F154F-D208-4260-85D0-996B6B14503F}.Release|x86.Build.0 = Release|Win32
	EndGlobalSection
	GlobalSection(SolutionProperties) = preSolution
		HideSolutionNode = FALSE
	EndGlobalSection
	GlobalSection(ExtensibilityGlobals) = postSolution
		SolutionGuid = {45E0F669-6125-47C0-80C1-D452E63FE3A5}
	EndGlobalSection
EndGlobal
